version = 1
revision = 3
requires-python = ">=3.13"

[[package]]
name = "youtube-channel-summary-podcast"
version = "0.1.0"
source = { virtual = "." }
dependencies = [
    { name = "yt-dlp" },
]

[package.metadata]
requires-dist = [{ name = "yt-dlp", specifier = ">=2026.2.4" }]

[[package]]
name = "yt-dlp"
version = "2026.2.4"
source = { registry = "https://pypi.org/simple" }
sdist = { url = "https://files.pythonhosted.org/packages/16/be/8e099f3f34bac6851490525fb1a8b62d525a95fcb5af082e8c52ba884fb5/yt_dlp-2026.2.4.tar.gz", hash = "sha256:24733ef081116f29d8ee6eae7a48127101e6c56eb7aa228dd604a60654760022", size = 3100305, upload-time = "2026-02-04T00:49:27.043Z" }
wheels = [
    { url = "https://files.pythonhosted.org/packages/96/38/b17cbeaf6712a4c1b97f7f9ec3a55f3a8ddee678cc88742af47dca0315b7/yt_dlp-2026.2.4-py3-none-any.whl", hash = "sha256:d6ea83257e8127a0097b1d37ee36201f99a292067e4616b2e5d51ab153b3dbb9", size = 3299165, upload-time = "2026-02-04T00:49:25.31Z" },
]
